
Microsoft Visual Studio Solution File, Format Version 12.00
# Visual Studio Version 16
VisualStudioVersion = 16.0.31019.35
MinimumVisualStudioVersion = 10.0.40219.1
Project("{FAE04EC0-301F-11D3-BF4B-00C04F79EFBC}") = "Web410728141", "Web410728141\Web410728141.csproj", "{E3609CF2-11A7-466F-81F4-ABF272067A94}"
EndProject
Global
	GlobalSection(SolutionConfigurationPlatforms) = preSolution
		Debug|Any CPU = Debug|Any CPU
		Release|Any CPU = Release|Any CPU
	EndGlobalSection
	GlobalSection(ProjectConfigurationPlatforms) = postSolution
		{E3609CF2-11A7-466F-81F4-ABF272067A94}.Debug|Any CPU.ActiveCfg = Debug|Any CPU
		{E3609CF2-11A7-466F-81F4-ABF272067A94}.Debug|Any CPU.Build.0 = Debug|Any CPU
		{E3609CF2-11A7-466F-81F4-ABF272067A94}.Release|Any CPU.ActiveCfg = Release|Any CPU
		{E3609CF2-11A7-466F-81F4-ABF272067A94}.Release|Any CPU.Build.0 = Release|Any CPU
	EndGlobalSection
	GlobalSection(SolutionProperties) = preSolution
		HideSolutionNode = FALSE
	EndGlobalSection
	GlobalSection(ExtensibilityGlobals) = postSolution
		SolutionGuid = {6F38F643-3BFF-433D-98CB-7632078BE85B}
	EndGlobalSection
EndGlobal
